<Solution>
  <Project Path="digkult-emelt-2023-osz/digkult-emelt-2023-osz.csproj" />
  <Project Path="digkult-emelt-2024-osz/digkult-emelt-2024-osz.csproj" />
  <Project Path="digkult-emelt-2024-tavasz/digkult-emelt-2024-tavasz.csproj" />
  <Project Path="inf-emelt-2023-tavasz/inf-emelt-2023-tavasz.csproj" />
</Solution>
